// !$*UTF8*$!
{
	archiveVersion = 1;
	classes = {
	};
	objectVersion = 52;
	objects = {

/* Begin PBXBuildFile section */
		0F48FCC424F76BC4001E36C6 /* AppDelegate.swift in Sources */ = {isa = PBXBuildFile; fileRef = 0F48FCC324F76BC4001E36C6 /* AppDelegate.swift */; };
		0F48FCC624F76BC4001E36C6 /* SceneDelegate.swift in Sources */ = {isa = PBXBuildFile; fileRef = 0F48FCC524F76BC4001E36C6 /* SceneDelegate.swift */; };
		0F48FCC824F76BC4001E36C6 /* ContentView.swift in Sources */ = {isa = PBXBuildFile; fileRef = 0F48FCC724F76BC4001E36C6 /* ContentView.swift */; };
		0F48FCCA24F76BC7001E36C6 /* Assets.xcassets in Resources */ = {isa = PBXBuildFile; fileRef = 0F48FCC924F76BC7001E36C6 /* Assets.xcassets */; };
		0F48FCCD24F76BC7001E36C6 /* Preview Assets.xcassets in Resources */ = {isa = PBXBuildFile; fileRef = 0F48FCCC24F76BC7001E36C6 /* Preview Assets.xcassets */; };
		0F48FCDB24F76BC7001E36C6 /* Health_JournalTests.swift in Sources */ = {isa = PBXBuildFile; fileRef = 0F48FCDA24F76BC7001E36C6 /* Health_JournalTests.swift */; };
		0F48FCE624F76BC7001E36C6 /* Health_JournalUITests.swift in Sources */ = {isa = PBXBuildFile; fileRef = 0F48FCE524F76BC7001E36C6 /* Health_JournalUITests.swift */; };
		0F48FCFC24F83376001E36C6 /* CareKit in Frameworks */ = {isa = PBXBuildFile; productRef = 0F48FCFB24F83376001E36C6 /* CareKit */; };
		0F48FCFE24F83C82001E36C6 /* Default-568h@2x.png in Resources */ = {isa = PBXBuildFile; fileRef = 0F48FCFD24F83C82001E36C6 /* Default-568h@2x.png */; };
		0F549476250D275C00DA20A8 /* NetworkManager.swift in Sources */ = {isa = PBXBuildFile; fileRef = 0F549475250D275C00DA20A8 /* NetworkManager.swift */; };
/* End PBXBuildFile section */

/* Begin PBXContainerItemProxy section */
		0F48FCD724F76BC7001E36C6 /* PBXContainerItemProxy */ = {
			isa = PBXContainerItemProxy;
			containerPortal = 0F48FCB824F76BC4001E36C6 /* Project object */;
			proxyType = 1;
			remoteGlobalIDString = 0F48FCBF24F76BC4001E36C6;
			remoteInfo = "Health Journal";
		};
		0F48FCE224F76BC7001E36C6 /* PBXContainerItemProxy */ = {
			isa = PBXContainerItemProxy;
			containerPortal = 0F48FCB824F76BC4001E36C6 /* Project object */;
			proxyType = 1;
			remoteGlobalIDString = 0F48FCBF24F76BC4001E36C6;
			remoteInfo = "Health Journal";
		};
/* End PBXContainerItemProxy section */

/* Begin PBXFileReference section */
		0F48FCC024F76BC4001E36C6 /* Health Journal.app */ = {isa = PBXFileReference; explicitFileType = wrapper.application; includeInIndex = 0; path = "Health Journal.app"; sourceTree = BUILT_PRODUCTS_DIR; };
		0F48FCC324F76BC4001E36C6 /* AppDelegate.swift */ = {isa = PBXFileReference; lastKnownFileType = sourcecode.swift; path = AppDelegate.swift; sourceTree = "<group>"; };
		0F48FCC524F76BC4001E36C6 /* SceneDelegate.swift */ = {isa = PBXFileReference; lastKnownFileType = sourcecode.swift; path = SceneDelegate.swift; sourceTree = "<group>"; };
		0F48FCC724F76BC4001E36C6 /* ContentView.swift */ = {isa = PBXFileReference; lastKnownFileType = sourcecode.swift; path = ContentView.swift; sourceTree = "<group>"; };
		0F48FCC924F76BC7001E36C6 /* Assets.xcassets */ = {isa = PBXFileReference; lastKnownFileType = folder.assetcatalog; path = Assets.xcassets; sourceTree = "<group>"; };
		0F48FCCC24F76BC7001E36C6 /* Preview Assets.xcassets */ = {isa = PBXFileReference; lastKnownFileType = folder.assetcatalog; path = "Preview Assets.xcassets"; sourceTree = "<group>"; };
		0F48FCD124F76BC7001E36C6 /* Info.plist */ = {isa = PBXFileReference; lastKnownFileType = text.plist.xml; path = Info.plist; sourceTree = "<group>"; };
		0F48FCD624F76BC7001E36C6 /* Health JournalTests.xctest */ = {isa = PBXFileReference; explicitFileType = wrapper.cfbundle; includeInIndex = 0; path = "Health JournalTests.xctest"; sourceTree = BUILT_PRODUCTS_DIR; };
		0F48FCDA24F76BC7001E36C6 /* Health_JournalTests.swift */ = {isa = PBXFileReference; lastKnownFileType = sourcecode.swift; path = Health_JournalTests.swift; sourceTree = "<group>"; };
		0F48FCDC24F76BC7001E36C6 /* Info.plist */ = {isa = PBXFileReference; lastKnownFileType = text.plist.xml; path = Info.plist; sourceTree = "<group>"; };
		0F48FCE124F76BC7001E36C6 /* Health JournalUITests.xctest */ = {isa = PBXFileReference; explicitFileType = wrapper.cfbundle; includeInIndex = 0; path = "Health JournalUITests.xctest"; sourceTree = BUILT_PRODUCTS_DIR; };
		0F48FCE524F76BC7001E36C6 /* Health_JournalUITests.swift */ = {isa = PBXFileReference; lastKnownFileType = sourcecode.swift; path = Health_JournalUITests.swift; sourceTree = "<group>"; };
		0F48FCE724F76BC7001E36C6 /* Info.plist */ = {isa = PBXFileReference; lastKnownFileType = text.plist.xml; path = Info.plist; sourceTree = "<group>"; };
		0F48FCFD24F83C82001E36C6 /* Default-568h@2x.png */ = {isa = PBXFileReference; lastKnownFileType = image.png; path = "Default-568h@2x.png"; sourceTree = "<group>"; };
		0F549475250D275C00DA20A8 /* NetworkManager.swift */ = {isa = PBXFileReference; lastKnownFileType = sourcecode.swift; path = NetworkManager.swift; sourceTree = "<group>"; };
/* End PBXFileReference section */

/* Begin PBXFrameworksBuildPhase section */
		0F48FCBD24F76BC4001E36C6 /* Frameworks */ = {
			isa = PBXFrameworksBuildPhase;
			buildActionMask = 2147483647;
			files = (
				0F48FCFC24F83376001E36C6 /* CareKit in Frameworks */,
			);
			runOnlyForDeploymentPostprocessing = 0;
		};
		0F48FCD324F76BC7001E36C6 /* Frameworks */ = {
			isa = PBXFrameworksBuildPhase;
			buildActionMask = 2147483647;
			files = (
			);
			runOnlyForDeploymentPostprocessing = 0;
		};
		0F48FCDE24F76BC7001E36C6 /* Frameworks */ = {
			isa = PBXFrameworksBuildPhase;
			buildActionMask = 2147483647;
			files = (
			);
			runOnlyForDeploymentPostprocessing = 0;
		};
/* End PBXFrameworksBuildPhase section */

/* Begin PBXGroup section */
		0F48FCB724F76BC4001E36C6 = {
			isa = PBXGroup;
			children = (
				0F48FCC224F76BC4001E36C6 /* Health Journal */,
				0F48FCD924F76BC7001E36C6 /* Health JournalTests */,
				0F48FCE424F76BC7001E36C6 /* Health JournalUITests */,
				0F48FCC124F76BC4001E36C6 /* Products */,
				0F48FCFD24F83C82001E36C6 /* Default-568h@2x.png */,
			);
			sourceTree = "<group>";
		};
		0F48FCC124F76BC4001E36C6 /* Products */ = {
			isa = PBXGroup;
			children = (
				0F48FCC024F76BC4001E36C6 /* Health Journal.app */,
				0F48FCD624F76BC7001E36C6 /* Health JournalTests.xctest */,
				0F48FCE124F76BC7001E36C6 /* Health JournalUITests.xctest */,
			);
			name = Products;
			sourceTree = "<group>";
		};
		0F48FCC224F76BC4001E36C6 /* Health Journal */ = {
			isa = PBXGroup;
			children = (
				0F48FCD124F76BC7001E36C6 /* Info.plist */,
				0F48FCC324F76BC4001E36C6 /* AppDelegate.swift */,
				0F48FCC524F76BC4001E36C6 /* SceneDelegate.swift */,
				0F48FCF524F831B5001E36C6 /* Controller */,
				0F48FCF424F831AD001E36C6 /* Model */,
				0F48FCF324F83198001E36C6 /* View */,
				0F48FCF624F8323D001E36C6 /* Supporting files */,
				0F48FCCB24F76BC7001E36C6 /* Preview Content */,
			);
			path = "Health Journal";
			sourceTree = "<group>";
		};
		0F48FCCB24F76BC7001E36C6 /* Preview Content */ = {
			isa = PBXGroup;
			children = (
				0F48FCCC24F76BC7001E36C6 /* Preview Assets.xcassets */,
			);
			path = "Preview Content";
			sourceTree = "<group>";
		};
		0F48FCD924F76BC7001E36C6 /* Health JournalTests */ = {
			isa = PBXGroup;
			children = (
				0F48FCDA24F76BC7001E36C6 /* Health_JournalTests.swift */,
				0F48FCDC24F76BC7001E36C6 /* Info.plist */,
			);
			path = "Health JournalTests";
			sourceTree = "<group>";
		};
		0F48FCE424F76BC7001E36C6 /* Health JournalUITests */ = {
			isa = PBXGroup;
			children = (
				0F48FCE524F76BC7001E36C6 /* Health_JournalUITests.swift */,
				0F48FCE724F76BC7001E36C6 /* Info.plist */,
			);
			path = "Health JournalUITests";
			sourceTree = "<group>";
		};
		0F48FCF324F83198001E36C6 /* View */ = {
			isa = PBXGroup;
			children = (
			);
			path = View;
			sourceTree = "<group>";
		};
		0F48FCF424F831AD001E36C6 /* Model */ = {
			isa = PBXGroup;
			children = (
				0F549475250D275C00DA20A8 /* NetworkManager.swift */,
			);
			path = Model;
			sourceTree = "<group>";
		};
		0F48FCF524F831B5001E36C6 /* Controller */ = {
			isa = PBXGroup;
			children = (
				0F48FCC724F76BC4001E36C6 /* ContentView.swift */,
			);
			path = Controller;
			sourceTree = "<group>";
		};
		0F48FCF624F8323D001E36C6 /* Supporting files */ = {
			isa = PBXGroup;
			children = (
				0F48FCC924F76BC7001E36C6 /* Assets.xcassets */,
			);
			path = "Supporting files";
			sourceTree = "<group>";
		};
/* End PBXGroup section */

/* Begin PBXNativeTarget section */
		0F48FCBF24F76BC4001E36C6 /* Health Journal */ = {
			isa = PBXNativeTarget;
			buildConfigurationList = 0F48FCEA24F76BC7001E36C6 /* Build configuration list for PBXNativeTarget "Health Journal" */;
			buildPhases = (
				0F48FCBC24F76BC4001E36C6 /* Sources */,
				0F48FCBD24F76BC4001E36C6 /* Frameworks */,
				0F48FCBE24F76BC4001E36C6 /* Resources */,
			);
			buildRules = (
			);
			dependencies = (
			);
			name = "Health Journal";
			packageProductDependencies = (
				0F48FCFB24F83376001E36C6 /* CareKit */,
			);
			productName = "Health Journal";
			productReference = 0F48FCC024F76BC4001E36C6 /* Health Journal.app */;
			productType = "com.apple.product-type.application";
		};
		0F48FCD524F76BC7001E36C6 /* Health JournalTests */ = {
			isa = PBXNativeTarget;
			buildConfigurationList = 0F48FCED24F76BC7001E36C6 /* Build configuration list for PBXNativeTarget "Health JournalTests" */;
			buildPhases = (
				0F48FCD224F76BC7001E36C6 /* Sources */,
				0F48FCD324F76BC7001E36C6 /* Frameworks */,
				0F48FCD424F76BC7001E36C6 /* Resources */,
			);
			buildRules = (
			);
			dependencies = (
				0F48FCD824F76BC7001E36C6 /* PBXTargetDependency */,
			);
			name = "Health JournalTests";
			productName = "Health JournalTests";
			productReference = 0F48FCD624F76BC7001E36C6 /* Health JournalTests.xctest */;
			productType = "com.apple.product-type.bundle.unit-test";
		};
		0F48FCE024F76BC7001E36C6 /* Health JournalUITests */ = {
			isa = PBXNativeTarget;
			buildConfigurationList = 0F48FCF024F76BC7001E36C6 /* Build configuration list for PBXNativeTarget "Health JournalUITests" */;
			buildPhases = (
				0F48FCDD24F76BC7001E36C6 /* Sources */,
				0F48FCDE24F76BC7001E36C6 /* Frameworks */,
				0F48FCDF24F76BC7001E36C6 /* Resources */,
			);
			buildRules = (
			);
			dependencies = (
				0F48FCE324F76BC7001E36C6 /* PBXTargetDependency */,
			);
			name = "Health JournalUITests";
			productName = "Health JournalUITests";
			productReference = 0F48FCE124F76BC7001E36C6 /* Health JournalUITests.xctest */;
			productType = "com.apple.product-type.bundle.ui-testing";
		};
/* End PBXNativeTarget section */

/* Begin PBXProject section */
		0F48FCB824F76BC4001E36C6 /* Project object */ = {
			isa = PBXProject;
			attributes = {
				LastSwiftUpdateCheck = 1160;
				LastUpgradeCheck = 1160;
				ORGANIZATIONNAME = "M-A-I-D-S";
				TargetAttributes = {
					0F48FCBF24F76BC4001E36C6 = {
						CreatedOnToolsVersion = 11.6;
					};
					0F48FCD524F76BC7001E36C6 = {
						CreatedOnToolsVersion = 11.6;
						TestTargetID = 0F48FCBF24F76BC4001E36C6;
					};
					0F48FCE024F76BC7001E36C6 = {
						CreatedOnToolsVersion = 11.6;
						TestTargetID = 0F48FCBF24F76BC4001E36C6;
					};
				};
			};
			buildConfigurationList = 0F48FCBB24F76BC4001E36C6 /* Build configuration list for PBXProject "Health Journal" */;
			compatibilityVersion = "Xcode 9.3";
			developmentRegion = en;
			hasScannedForEncodings = 0;
			knownRegions = (
				en,
				Base,
			);
			mainGroup = 0F48FCB724F76BC4001E36C6;
			packageReferences = (
				0F48FCFA24F83376001E36C6 /* XCRemoteSwiftPackageReference "CareKit" */,
			);
			productRefGroup = 0F48FCC124F76BC4001E36C6 /* Products */;
			projectDirPath = "";
			projectRoot = "";
			targets = (
				0F48FCBF24F76BC4001E36C6 /* Health Journal */,
				0F48FCD524F76BC7001E36C6 /* Health JournalTests */,
				0F48FCE024F76BC7001E36C6 /* Health JournalUITests */,
			);
		};
/* End PBXProject section */

/* Begin PBXResourcesBuildPhase section */
		0F48FCBE24F76BC4001E36C6 /* Resources */ = {
			isa = PBXResourcesBuildPhase;
			buildActionMask = 2147483647;
			files = (
				0F48FCFE24F83C82001E36C6 /* Default-568h@2x.png in Resources */,
				0F48FCCD24F76BC7001E36C6 /* Preview Assets.xcassets in Resources */,
				0F48FCCA24F76BC7001E36C6 /* Assets.xcassets in Resources */,
			);
			runOnlyForDeploymentPostprocessing = 0;
		};
		0F48FCD424F76BC7001E36C6 /* Resources */ = {
			isa = PBXResourcesBuildPhase;
			buildActionMask = 2147483647;
			files = (
			);
			runOnlyForDeploymentPostprocessing = 0;
		};
		0F48FCDF24F76BC7001E36C6 /* Resources */ = {
			isa = PBXResourcesBuildPhase;
			buildActionMask = 2147483647;
			files = (
			);
			runOnlyForDeploymentPostprocessing = 0;
		};
/* End PBXResourcesBuildPhase section */

/* Begin PBXSourcesBuildPhase section */
		0F48FCBC24F76BC4001E36C6 /* Sources */ = {
			isa = PBXSourcesBuildPhase;
			buildActionMask = 2147483647;
			files = (
				0F549476250D275C00DA20A8 /* NetworkManager.swift in Sources */,
				0F48FCC424F76BC4001E36C6 /* AppDelegate.swift in Sources */,
				0F48FCC624F76BC4001E36C6 /* SceneDelegate.swift in Sources */,
				0F48FCC824F76BC4001E36C6 /* ContentView.swift in Sources */,
			);
			runOnlyForDeploymentPostprocessing = 0;
		};
		0F48FCD224F76BC7001E36C6 /* Sources */ = {
			isa = PBXSourcesBuildPhase;
			buildActionMask = 2147483647;
			files = (
				0F48FCDB24F76BC7001E36C6 /* Health_JournalTests.swift in Sources */,
			);
			runOnlyForDeploymentPostprocessing = 0;
		};
		0F48FCDD24F76BC7001E36C6 /* Sources */ = {
			isa = PBXSourcesBuildPhase;
			buildActionMask = 2147483647;
			files = (
				0F48FCE624F76BC7001E36C6 /* Health_JournalUITests.swift in Sources */,
			);
			runOnlyForDeploymentPostprocessing = 0;
		};
/* End PBXSourcesBuildPhase section */

/* Begin PBXTargetDependency section */
		0F48FCD824F76BC7001E36C6 /* PBXTargetDependency */ = {
			isa = PBXTargetDependency;
			target = 0F48FCBF24F76BC4001E36C6 /* Health Journal */;
			targetProxy = 0F48FCD724F76BC7001E36C6 /* PBXContainerItemProxy */;
		};
		0F48FCE324F76BC7001E36C6 /* PBXTargetDependency */ = {
			isa = PBXTargetDependency;
			target = 0F48FCBF24F76BC4001E36C6 /* Health Journal */;
			targetProxy = 0F48FCE224F76BC7001E36C6 /* PBXContainerItemProxy */;
		};
/* End PBXTargetDependency section */

/* Begin XCBuildConfiguration section */
		0F48FCE824F76BC7001E36C6 /* Debug */ = {
			isa = XCBuildConfiguration;
			buildSettings = {
				ALWAYS_SEARCH_USER_PATHS = NO;
				CLANG_ANALYZER_NONNULL = YES;
				CLANG_ANALYZER_NUMBER_OBJECT_CONVERSION = YES_AGGRESSIVE;
				CLANG_CXX_LANGUAGE_STANDARD = "gnu++14";
				CLANG_CXX_LIBRARY = "libc++";
				CLANG_ENABLE_MODULES = YES;
				CLANG_ENABLE_OBJC_ARC = YES;
				CLANG_ENABLE_OBJC_WEAK = YES;
				CLANG_WARN_BLOCK_CAPTURE_AUTORELEASING = YES;
				CLANG_WARN_BOOL_CONVERSION = YES;
				CLANG_WARN_COMMA = YES;
				CLANG_WARN_CONSTANT_CONVERSION = YES;
				CLANG_WARN_DEPRECATED_OBJC_IMPLEMENTATIONS = YES;
				CLANG_WARN_DIRECT_OBJC_ISA_USAGE = YES_ERROR;
				CLANG_WARN_DOCUMENTATION_COMMENTS = YES;
				CLANG_WARN_EMPTY_BODY = YES;
				CLANG_WARN_ENUM_CONVERSION = YES;
				CLANG_WARN_INFINITE_RECURSION = YES;
				CLANG_WARN_INT_CONVERSION = YES;
				CLANG_WARN_NON_LITERAL_NULL_CONVERSION = YES;
				CLANG_WARN_OBJC_IMPLICIT_RETAIN_SELF = YES;
				CLANG_WARN_OBJC_LITERAL_CONVERSION = YES;
				CLANG_WARN_OBJC_ROOT_CLASS = YES_ERROR;
				CLANG_WARN_RANGE_LOOP_ANALYSIS = YES;
				CLANG_WARN_STRICT_PROTOTYPES = YES;
				CLANG_WARN_SUSPICIOUS_MOVE = YES;
				CLANG_WARN_UNGUARDED_AVAILABILITY = YES_AGGRESSIVE;
				CLANG_WARN_UNREACHABLE_CODE = YES;
				CLANG_WARN__DUPLICATE_METHOD_MATCH = YES;
				COPY_PHASE_STRIP = NO;
				DEBUG_INFORMATION_FORMAT = dwarf;
				ENABLE_STRICT_OBJC_MSGSEND = YES;
				ENABLE_TESTABILITY = YES;
				GCC_C_LANGUAGE_STANDARD = gnu11;
				GCC_DYNAMIC_NO_PIC = NO;
				GCC_NO_COMMON_BLOCKS = YES;
				GCC_OPTIMIZATION_LEVEL = 0;
				GCC_PREPROCESSOR_DEFINITIONS = (
					"DEBUG=1",
					"$(inherited)",
				);
				GCC_WARN_64_TO_32_BIT_CONVERSION = YES;
				GCC_WARN_ABOUT_RETURN_TYPE = YES_ERROR;
				GCC_WARN_UNDECLARED_SELECTOR = YES;
				GCC_WARN_UNINITIALIZED_AUTOS = YES_AGGRESSIVE;
				GCC_WARN_UNUSED_FUNCTION = YES;
				GCC_WARN_UNUSED_VARIABLE = YES;
				IPHONEOS_DEPLOYMENT_TARGET = 13.6;
				MTL_ENABLE_DEBUG_INFO = INCLUDE_SOURCE;
				MTL_FAST_MATH = YES;
				ONLY_ACTIVE_ARCH = YES;
				SDKROOT = iphoneos;
				SWIFT_ACTIVE_COMPILATION_CONDITIONS = DEBUG;
				SWIFT_OPTIMIZATION_LEVEL = "-Onone";
			};
			name = Debug;
		};
		0F48FCE924F76BC7001E36C6 /* Release */ = {
			isa = XCBuildConfiguration;
			buildSettings = {
				ALWAYS_SEARCH_USER_PATHS = NO;
				CLANG_ANALYZER_NONNULL = YES;
				CLANG_ANALYZER_NUMBER_OBJECT_CONVERSION = YES_AGGRESSIVE;
				CLANG_CXX_LANGUAGE_STANDARD = "gnu++14";
				CLANG_CXX_LIBRARY = "libc++";
				CLANG_ENABLE_MODULES = YES;
				CLANG_ENABLE_OBJC_ARC = YES;
				CLANG_ENABLE_OBJC_WEAK = YES;
				CLANG_WARN_BLOCK_CAPTURE_AUTORELEASING = YES;
				CLANG_WARN_BOOL_CONVERSION = YES;
				CLANG_WARN_COMMA = YES;
				CLANG_WARN_CONSTANT_CONVERSION = YES;
				CLANG_WARN_DEPRECATED_OBJC_IMPLEMENTATIONS = YES;
				CLANG_WARN_DIRECT_OBJC_ISA_USAGE = YES_ERROR;
				CLANG_WARN_DOCUMENTATION_COMMENTS = YES;
				CLANG_WARN_EMPTY_BODY = YES;
				CLANG_WARN_ENUM_CONVERSION = YES;
				CLANG_WARN_INFINITE_RECURSION = YES;
				CLANG_WARN_INT_CONVERSION = YES;
				CLANG_WARN_NON_LITERAL_NULL_CONVERSION = YES;
				CLANG_WARN_OBJC_IMPLICIT_RETAIN_SELF = YES;
				CLANG_WARN_OBJC_LITERAL_CONVERSION = YES;
				CLANG_WARN_OBJC_ROOT_CLASS = YES_ERROR;
				CLANG_WARN_RANGE_LOOP_ANALYSIS = YES;
				CLANG_WARN_STRICT_PROTOTYPES = YES;
				CLANG_WARN_SUSPICIOUS_MOVE = YES;
				CLANG_WARN_UNGUARDED_AVAILABILITY = YES_AGGRESSIVE;
				CLANG_WARN_UNREACHABLE_CODE = YES;
				CLANG_WARN__DUPLICATE_METHOD_MATCH = YES;
				COPY_PHASE_STRIP = NO;
				DEBUG_INFORMATION_FORMAT = "dwarf-with-dsym";
				ENABLE_NS_ASSERTIONS = NO;
				ENABLE_STRICT_OBJC_MSGSEND = YES;
				GCC_C_LANGUAGE_STANDARD = gnu11;
				GCC_NO_COMMON_BLOCKS = YES;
				GCC_WARN_64_TO_32_BIT_CONVERSION = YES;
				GCC_WARN_ABOUT_RETURN_TYPE = YES_ERROR;
				GCC_WARN_UNDECLARED_SELECTOR = YES;
				GCC_WARN_UNINITIALIZED_AUTOS = YES_AGGRESSIVE;
				GCC_WARN_UNUSED_FUNCTION = YES;
				GCC_WARN_UNUSED_VARIABLE = YES;
				IPHONEOS_DEPLOYMENT_TARGET = 13.6;
				MTL_ENABLE_DEBUG_INFO = NO;
				MTL_FAST_MATH = YES;
				SDKROOT = iphoneos;
				SWIFT_COMPILATION_MODE = wholemodule;
				SWIFT_OPTIMIZATION_LEVEL = "-O";
				VALIDATE_PRODUCT = YES;
			};
			name = Release;
		};
		0F48FCEB24F76BC7001E36C6 /* Debug */ = {
			isa = XCBuildConfiguration;
			buildSettings = {
				ASSETCATALOG_COMPILER_APPICON_NAME = AppIcon;
				CODE_SIGN_STYLE = Automatic;
				DEVELOPMENT_ASSET_PATHS = "\"Health Journal/Preview Content\"";
				ENABLE_PREVIEWS = YES;
				INFOPLIST_FILE = "Health Journal/Info.plist";
				LD_RUNPATH_SEARCH_PATHS = (
					"$(inherited)",
					"@executable_path/Frameworks",
				);
				PRODUCT_BUNDLE_IDENTIFIER = "MAIDS.Health-Journal";
				PRODUCT_NAME = "$(TARGET_NAME)";
				SWIFT_VERSION = 5.0;
				TARGETED_DEVICE_FAMILY = 1;
			};
			name = Debug;
		};
		0F48FCEC24F76BC7001E36C6 /* Release */ = {
			isa = XCBuildConfiguration;
			buildSettings = {
				ASSETCATALOG_COMPILER_APPICON_NAME = AppIcon;
				CODE_SIGN_STYLE = Automatic;
				DEVELOPMENT_ASSET_PATHS = "\"Health Journal/Preview Content\"";
				ENABLE_PREVIEWS = YES;
				INFOPLIST_FILE = "Health Journal/Info.plist";
				LD_RUNPATH_SEARCH_PATHS = (
					"$(inherited)",
					"@executable_path/Frameworks",
				);
				PRODUCT_BUNDLE_IDENTIFIER = "MAIDS.Health-Journal";
				PRODUCT_NAME = "$(TARGET_NAME)";
				SWIFT_VERSION = 5.0;
				TARGETED_DEVICE_FAMILY = 1;
			};
			name = Release;
		};
		0F48FCEE24F76BC7001E36C6 /* Debug */ = {
			isa = XCBuildConfiguration;
			buildSettings = {
				ALWAYS_EMBED_SWIFT_STANDARD_LIBRARIES = YES;
				BUNDLE_LOADER = "$(TEST_HOST)";
				CODE_SIGN_STYLE = Automatic;
				INFOPLIST_FILE = "Health JournalTests/Info.plist";
				IPHONEOS_DEPLOYMENT_TARGET = 13.6;
				LD_RUNPATH_SEARCH_PATHS = (
					"$(inherited)",
					"@executable_path/Frameworks",
					"@loader_path/Frameworks",
				);
				PRODUCT_BUNDLE_IDENTIFIER = "MAIDS.Health-JournalTests";
				PRODUCT_NAME = "$(TARGET_NAME)";
				SWIFT_VERSION = 5.0;
				TARGETED_DEVICE_FAMILY = "1,2";
				TEST_HOST = "$(BUILT_PRODUCTS_DIR)/Health Journal.app/Health Journal";
			};
			name = Debug;
		};
		0F48FCEF24F76BC7001E36C6 /* Release */ = {
			isa = XCBuildConfiguration;
			buildSettings = {
				ALWAYS_EMBED_SWIFT_STANDARD_LIBRARIES = YES;
				BUNDLE_LOADER = "$(TEST_HOST)";
				CODE_SIGN_STYLE = Automatic;
				INFOPLIST_FILE = "Health JournalTests/Info.plist";
				IPHONEOS_DEPLOYMENT_TARGET = 13.6;
				LD_RUNPATH_SEARCH_PATHS = (
					"$(inherited)",
					"@executable_path/Frameworks",
					"@loader_path/Frameworks",
				);
				PRODUCT_BUNDLE_IDENTIFIER = "MAIDS.Health-JournalTests";
				PRODUCT_NAME = "$(TARGET_NAME)";
				SWIFT_VERSION = 5.0;
				TARGETED_DEVICE_FAMILY = "1,2";
				TEST_HOST = "$(BUILT_PRODUCTS_DIR)/Health Journal.app/Health Journal";
			};
			name = Release;
		};
		0F48FCF124F76BC7001E36C6 /* Debug */ = {
			isa = XCBuildConfiguration;
			buildSettings = {
				ALWAYS_EMBED_SWIFT_STANDARD_LIBRARIES = YES;
				CODE_SIGN_STYLE = Automatic;
				INFOPLIST_FILE = "Health JournalUITests/Info.plist";
				LD_RUNPATH_SEARCH_PATHS = (
					"$(inherited)",
					"@executable_path/Frameworks",
					"@loader_path/Frameworks",
				);
				PRODUCT_BUNDLE_IDENTIFIER = "MAIDS.Health-JournalUITests";
				PRODUCT_NAME = "$(TARGET_NAME)";
				SWIFT_VERSION = 5.0;
				TARGETED_DEVICE_FAMILY = "1,2";
				TEST_TARGET_NAME = "Health Journal";
			};
			name = Debug;
		};
		0F48FCF224F76BC7001E36C6 /* Release */ = {
			isa = XCBuildConfiguration;
			buildSettings = {
				ALWAYS_EMBED_SWIFT_STANDARD_LIBRARIES = YES;
				CODE_SIGN_STYLE = Automatic;
				INFOPLIST_FILE = "Health JournalUITests/Info.plist";
				LD_RUNPATH_SEARCH_PATHS = (
					"$(inherited)",
					"@executable_path/Frameworks",
					"@loader_path/Frameworks",
				);
				PRODUCT_BUNDLE_IDENTIFIER = "MAIDS.Health-JournalUITests";
				PRODUCT_NAME = "$(TARGET_NAME)";
				SWIFT_VERSION = 5.0;
				TARGETED_DEVICE_FAMILY = "1,2";
				TEST_TARGET_NAME = "Health Journal";
			};
			name = Release;
		};
/* End XCBuildConfiguration section */

/* Begin XCConfigurationList section */
		0F48FCBB24F76BC4001E36C6 /* Build configuration list for PBXProject "Health Journal" */ = {
			isa = XCConfigurationList;
			buildConfigurations = (
				0F48FCE824F76BC7001E36C6 /* Debug */,
				0F48FCE924F76BC7001E36C6 /* Release */,
			);
			defaultConfigurationIsVisible = 0;
			defaultConfigurationName = Release;
		};
		0F48FCEA24F76BC7001E36C6 /* Build configuration list for PBXNativeTarget "Health Journal" */ = {
			isa = XCConfigurationList;
			buildConfigurations = (
				0F48FCEB24F76BC7001E36C6 /* Debug */,
				0F48FCEC24F76BC7001E36C6 /* Release */,
			);
			defaultConfigurationIsVisible = 0;
			defaultConfigurationName = Release;
		};
		0F48FCED24F76BC7001E36C6 /* Build configuration list for PBXNativeTarget "Health JournalTests" */ = {
			isa = XCConfigurationList;
			buildConfigurations = (
				0F48FCEE24F76BC7001E36C6 /* Debug */,
				0F48FCEF24F76BC7001E36C6 /* Release */,
			);
			defaultConfigurationIsVisible = 0;
			defaultConfigurationName = Release;
		};
		0F48FCF024F76BC7001E36C6 /* Build configuration list for PBXNativeTarget "Health JournalUITests" */ = {
			isa = XCConfigurationList;
			buildConfigurations = (
				0F48FCF124F76BC7001E36C6 /* Debug */,
				0F48FCF224F76BC7001E36C6 /* Release */,
			);
			defaultConfigurationIsVisible = 0;
			defaultConfigurationName = Release;
		};
/* End XCConfigurationList section */

/* Begin XCRemoteSwiftPackageReference section */
		0F48FCFA24F83376001E36C6 /* XCRemoteSwiftPackageReference "CareKit" */ = {
			isa = XCRemoteSwiftPackageReference;
			repositoryURL = "https://github.com/carekit-apple/CareKit";
			requirement = {
				kind = upToNextMajorVersion;
				minimumVersion = 2.0.1;
			};
		};
/* End XCRemoteSwiftPackageReference section */

/* Begin XCSwiftPackageProductDependency section */
		0F48FCFB24F83376001E36C6 /* CareKit */ = {
			isa = XCSwiftPackageProductDependency;
			package = 0F48FCFA24F83376001E36C6 /* XCRemoteSwiftPackageReference "CareKit" */;
			productName = CareKit;
		};
/* End XCSwiftPackageProductDependency section */
	};
	rootObject = 0F48FCB824F76BC4001E36C6 /* Project object */;
}
